
Microsoft Visual Studio Solution File, Format Version 12.00
# Visual Studio Version 16
VisualStudioVersion = 16.0.31911.196
MinimumVisualStudioVersion = 10.0.40219.1
Project("{FAE04EC0-301F-11D3-BF4B-00C04F79EFBC}") = "ЗаданиеWpf7", "ЗаданиеWpf7\ЗаданиеWpf7.csproj", "{9704BB4C-FC80-4A98-93CA-E8E21F60335D}"
EndProject
Global
	GlobalSection(SolutionConfigurationPlatforms) = preSolution
		Debug|Any CPU = Debug|Any CPU
		Release|Any CPU = Release|Any CPU
	EndGlobalSection
	GlobalSection(ProjectConfigurationPlatforms) = postSolution
		{9704BB4C-FC80-4A98-93CA-E8E21F60335D}.Debug|Any CPU.ActiveCfg = Debug|Any CPU
		{9704BB4C-FC80-4A98-93CA-E8E21F60335D}.Debug|Any CPU.Build.0 = Debug|Any CPU
		{9704BB4C-FC80-4A98-93CA-E8E21F60335D}.Release|Any CPU.ActiveCfg = Release|Any CPU
		{9704BB4C-FC80-4A98-93CA-E8E21F60335D}.Release|Any CPU.Build.0 = Release|Any CPU
	EndGlobalSection
	GlobalSection(SolutionProperties) = preSolution
		HideSolutionNode = FALSE
	EndGlobalSection
	GlobalSection(ExtensibilityGlobals) = postSolution
		SolutionGuid = {41B987B5-A988-448E-980A-92B6089E8401}
	EndGlobalSection
EndGlobal
